
Microsoft Visual Studio Solution File, Format Version 12.00
# Visual Studio Version 17
VisualStudioVersion = 17.4.33110.190
MinimumVisualStudioVersion = 10.0.40219.1
Project("{FAE04EC0-301F-11D3-BF4B-00C04F79EFBC}") = "Auto", "Auto\Auto.csproj", "{265AC12B-7D09-4022-95AD-744D71D2FA94}"
EndProject
Global
	GlobalSection(SolutionConfigurationPlatforms) = preSolution
		Debug|Any CPU = Debug|Any CPU
		Release|Any CPU = Release|Any CPU
	EndGlobalSection
	GlobalSection(ProjectConfigurationPlatforms) = postSolution
		{265AC12B-7D09-4022-95AD-744D71D2FA94}.Debug|Any CPU.ActiveCfg = Debug|Any CPU
		{265AC12B-7D09-4022-95AD-744D71D2FA94}.Debug|Any CPU.Build.0 = Debug|Any CPU
		{265AC12B-7D09-4022-95AD-744D71D2FA94}.Release|Any CPU.ActiveCfg = Release|Any CPU
		{265AC12B-7D09-4022-95AD-744D71D2FA94}.Release|Any CPU.Build.0 = Release|Any CPU
	EndGlobalSection
	GlobalSection(SolutionProperties) = preSolution
		HideSolutionNode = FALSE
	EndGlobalSection
	GlobalSection(ExtensibilityGlobals) = postSolution
		SolutionGuid = {67573E0D-9FB8-4A5B-ADA8-52B8A244B3F8}
	EndGlobalSection
EndGlobal
